<?xml version="1.0" encoding="utf-8"?>
<Project ToolsVersion="4.0" xmlns="http://schemas.microsoft.com/developer/msbuild/2003">
  <ItemGroup>
    <Filter Include="app">
      <UniqueIdentifier>{697a96ac-bc76-4898-8264-2ef6e04b71c3}</UniqueIdentifier>
    </Filter>
    <Filter Include="renderer">
      <UniqueIdentifier>{3a8a8b77-6698-4104-b970-7c8947fe003e}</UniqueIdentifier>
    </Filter>
    <Filter Include="network">
      <UniqueIdentifier>{d5676613-7cd7-404d-b852-c500fc207a10}</UniqueIdentifier>
    </Filter>
    <Filter Include="world">
      <UniqueIdentifier>{b9cd44c0-c4db-468e-9e0a-b139a06bf4ae}</UniqueIdentifier>
    </Filter>
    <Filter Include="docs">
      <UniqueIdentifier>{80cf1dfe-de49-48ee-998d-48db4cd8d1ff}</UniqueIdentifier>
    </Filter>
    <Filter Include="data">
      <UniqueIdentifier>{3da388da-90fb-4ae5-b237-1b48cd3fa2c2}</UniqueIdentifier>
    </Filter>
    <Filter Include="resources">
      <UniqueIdentifier>{46626315-d039-45a9-9e2b-0092d2538c4e}</UniqueIdentifier>
    </Filter>
    <Filter Include="interface">
      <UniqueIdentifier>{a277b185-d081-4d9b-9089-b5c844f7a859}</UniqueIdentifier>
    </Filter>
    <Filter Include="lib">
      <UniqueIdentifier>{9bea68fa-cae6-4a59-a17a-ac26d370d6d1}</UniqueIdentifier>
    </Filter>
  </ItemGroup>
  <ItemGroup>
    <ClCompile Include="..\..\source\app\app.cpp">
      <Filter>app</Filter>
    </ClCompile>
    <ClCompile Include="..\..\source\app\defcon_soundinterface.cpp">
      <Filter>app</Filter>
    </ClCompile>
    <ClCompile Include="..\..\source\app\game.cpp">
      <Filter>app</Filter>
    </ClCompile>
    <ClCompile Include="..\..\source\app\game_history.cpp">
      <Filter>app</Filter>
    </ClCompile>
    <ClCompile Include="..\..\source\app\modsystem.cpp">
      <Filter>app</Filter>
    </ClCompile>
    <ClCompile Include="..\..\source\app\statusicon.cpp">
      <Filter>app</Filter>
    </ClCompile>
    <ClCompile Include="..\..\source\app\synctestrecordings.cpp">
      <Filter>app</Filter>
    </ClCompile>
    <ClCompile Include="..\..\source\app\trayicon.cpp">
      <Filter>app</Filter>
    </ClCompile>
    <ClCompile Include="..\..\source\app\tutorial.cpp">
      <Filter>app</Filter>
    </ClCompile>
    <ClCompile Include="..\..\source\app\tutorial_defcon.cpp">
      <Filter>app</Filter>
    </ClCompile>
    <ClCompile Include="..\..\source\app\version_manager.cpp">
      <Filter>app</Filter>
    </ClCompile>
    <ClCompile Include="..\..\source\renderer\animated_icon.cpp">
      <Filter>renderer</Filter>
    </ClCompile>
    <ClCompile Include="..\..\source\renderer\lobby_renderer.cpp">
      <Filter>renderer</Filter>
    </ClCompile>
    <ClCompile Include="..\..\source\renderer\map_renderer.cpp">
      <Filter>renderer</Filter>
    </ClCompile>
    <ClCompile Include="..\..\source\network\ClientToServer.cpp">
      <Filter>network</Filter>
    </ClCompile>
    <ClCompile Include="..\..\source\network\recordingparser.cpp">
      <Filter>network</Filter>
    </ClCompile>
    <ClCompile Include="..\..\source\network\Server.cpp">
      <Filter>network</Filter>
    </ClCompile>
    <ClCompile Include="..\..\source\network\ServerToClient.cpp">
      <Filter>network</Filter>
    </ClCompile>
    <ClCompile Include="..\..\source\world\airbase.cpp">
      <Filter>world</Filter>
    </ClCompile>
    <ClCompile Include="..\..\source\world\battleship.cpp">
      <Filter>world</Filter>
    </ClCompile>
    <ClCompile Include="..\..\source\world\blip.cpp">
      <Filter>world</Filter>
    </ClCompile>
    <ClCompile Include="..\..\source\world\bomber.cpp">
      <Filter>world</Filter>
    </ClCompile>
    <ClCompile Include="..\..\source\world\carrier.cpp">
      <Filter>world</Filter>
    </ClCompile>
    <ClCompile Include="..\..\source\world\city.cpp">
      <Filter>world</Filter>
    </ClCompile>
    <ClCompile Include="..\..\source\world\date.cpp">
      <Filter>world</Filter>
    </ClCompile>
    <ClCompile Include="..\..\source\world\depthcharge.cpp">
      <Filter>world</Filter>
    </ClCompile>
    <ClCompile Include="..\..\source\world\earthdata.cpp">
      <Filter>world</Filter>
    </ClCompile>
    <ClCompile Include="..\..\source\world\explosion.cpp">
      <Filter>world</Filter>
    </ClCompile>
    <ClCompile Include="..\..\source\world\fighter.cpp">
      <Filter>world</Filter>
    </ClCompile>
    <ClCompile Include="..\..\source\world\fleet.cpp">
      <Filter>world</Filter>
    </ClCompile>
    <ClCompile Include="..\..\source\world\gunfire.cpp">
      <Filter>world</Filter>
    </ClCompile>
    <ClCompile Include="..\..\source\world\movingobject.cpp">
      <Filter>world</Filter>
    </ClCompile>
    <ClCompile Include="..\..\source\world\node.cpp">
      <Filter>world</Filter>
    </ClCompile>
    <ClCompile Include="..\..\source\world\nuke.cpp">
      <Filter>world</Filter>
    </ClCompile>
    <ClCompile Include="..\..\source\world\radargrid.cpp">
      <Filter>world</Filter>
    </ClCompile>
    <ClCompile Include="..\..\source\world\radarstation.cpp">
      <Filter>world</Filter>
    </ClCompile>
    <ClCompile Include="..\..\source\world\saucer.cpp">
      <Filter>world</Filter>
    </ClCompile>
    <ClCompile Include="..\..\source\world\silo.cpp">
      <Filter>world</Filter>
    </ClCompile>
    <ClCompile Include="..\..\source\world\sub.cpp">
      <Filter>world</Filter>
    </ClCompile>
    <ClCompile Include="..\..\source\world\team.cpp">
      <Filter>world</Filter>
    </ClCompile>
    <ClCompile Include="..\..\source\world\tornado.cpp">
      <Filter>world</Filter>
    </ClCompile>
    <ClCompile Include="..\..\source\world\votingsystem.cpp">
      <Filter>world</Filter>
    </ClCompile>
    <ClCompile Include="..\..\source\world\whiteboard.cpp">
      <Filter>world</Filter>
    </ClCompile>
    <ClCompile Include="..\..\source\world\world.cpp">
      <Filter>world</Filter>
    </ClCompile>
    <ClCompile Include="..\..\source\world\worldobject.cpp">
      <Filter>world</Filter>
    </ClCompile>
    <ClCompile Include="..\..\source\interface\alliances_window.cpp">
      <Filter>interface</Filter>
    </ClCompile>
    <ClCompile Include="..\..\source\interface\authkey_window.cpp">
      <Filter>interface</Filter>
    </ClCompile>
    <ClCompile Include="..\..\source\interface\badkey_window.cpp">
      <Filter>interface</Filter>
    </ClCompile>
    <ClCompile Include="..\..\source\interface\casualties_window.cpp">
      <Filter>interface</Filter>
    </ClCompile>
    <ClCompile Include="..\..\source\interface\chat_window.cpp">
      <Filter>interface</Filter>
    </ClCompile>
    <ClCompile Include="..\..\source\interface\connecting_window.cpp">
      <Filter>interface</Filter>
    </ClCompile>
    <ClCompile Include="..\..\source\interface\debug_window.cpp">
      <Filter>interface</Filter>
    </ClCompile>
    <ClCompile Include="..\..\source\interface\demo_window.cpp">
      <Filter>interface</Filter>
    </ClCompile>
    <ClCompile Include="..\..\source\interface\fading_window.cpp">
      <Filter>interface</Filter>
    </ClCompile>
    <ClCompile Include="..\..\source\interface\fleet_placement_icon.cpp">
      <Filter>interface</Filter>
    </ClCompile>
    <ClCompile Include="..\..\source\interface\info_window.cpp">
      <Filter>interface</Filter>
    </ClCompile>
    <ClCompile Include="..\..\source\interface\interface.cpp">
      <Filter>interface</Filter>
    </ClCompile>
    <ClCompile Include="..\..\source\interface\lobby_window.cpp">
      <Filter>interface</Filter>
    </ClCompile>
    <ClCompile Include="..\..\source\interface\mainmenu.cpp">
      <Filter>interface</Filter>
    </ClCompile>
    <ClCompile Include="..\..\source\interface\mod_window.cpp">
      <Filter>interface</Filter>
    </ClCompile>
    <ClCompile Include="..\..\source\interface\network_window.cpp">
      <Filter>interface</Filter>
    </ClCompile>
    <ClCompile Include="..\..\source\interface\placement_icon.cpp">
      <Filter>interface</Filter>
    </ClCompile>
    <ClCompile Include="..\..\source\interface\screenoptions_window.cpp">
      <Filter>interface</Filter>
    </ClCompile>
    <ClCompile Include="..\..\source\interface\soundoptions_window.cpp">
      <Filter>interface</Filter>
    </ClCompile>
    <ClCompile Include="..\..\source\interface\soundeditor_window.cpp">
      <Filter>interface</Filter>
    </ClCompile>
    <ClCompile Include="..\..\source\interface\soundparameter_window.cpp">
      <Filter>interface</Filter>
    </ClCompile>
    <ClCompile Include="..\..\source\interface\soundstats_window.cpp">
      <Filter>interface</Filter>
    </ClCompile>
    <ClCompile Include="..\..\source\interface\styleeditor_window.cpp">
      <Filter>interface</Filter>
    </ClCompile>
    <ClCompile Include="..\..\source\interface\profile_window.cpp">
      <Filter>interface</Filter>
    </ClCompile>
    <ClCompile Include="..\..\source\interface\resynchronise_window.cpp">
      <Filter>interface</Filter>
    </ClCompile>
    <ClCompile Include="..\..\source\interface\serverbrowser_window.cpp">
      <Filter>interface</Filter>
    </ClCompile>
    <ClCompile Include="..\..\source\interface\serverdetails_window.cpp">
      <Filter>interface</Filter>
    </ClCompile>
    <ClCompile Include="..\..\source\interface\side_panel.cpp">
      <Filter>interface</Filter>
    </ClCompile>
    <ClCompile Include="..\..\source\interface\toolbar.cpp">
      <Filter>interface</Filter>
    </ClCompile>
    <ClCompile Include="..\..\source\interface\tutorial_window.cpp">
      <Filter>interface</Filter>
    </ClCompile>
    <ClCompile Include="..\..\source\interface\whiteboard_panel.cpp">
      <Filter>interface</Filter>
    </ClCompile>
    <ClCompile Include="..\..\source\interface\worldobject_window.cpp">
      <Filter>interface</Filter>
    </ClCompile>
    <ClCompile Include="..\..\source\interface\worldstatus_window.cpp">
      <Filter>interface</Filter>
    </ClCompile>
    <ClCompile Include="..\..\source\curves.cpp" />
    <ClCompile Include="..\..\source\defcon.cpp" />
    <ClCompile Include="..\..\source\random_object.cpp" />
    <ClCompile Include="..\..\source\renderer\globe_renderer.cpp">
      <Filter>renderer</Filter>
    </ClCompile>
    <ClCompile Include="..\..\source\renderer\world_renderer.cpp" />
    <ClCompile Include="..\..\source\lib\universal_include.cpp">
      <Filter>lib</Filter>
    </ClCompile>
    <ClCompile Include="..\..\source\renderer\world_renderer.cpp">
      <Filter>renderer</Filter>
    </ClCompile>
    <ClCompile Include="..\..\source\interface\recording_selection.cpp">
      <Filter>interface</Filter>
    </ClCompile>
  </ItemGroup>
  <ItemGroup>
    <ClInclude Include="..\..\source\app\app.h">
      <Filter>app</Filter>
    </ClInclude>
    <ClInclude Include="..\..\source\app\defcon_soundinterface.h">
      <Filter>app</Filter>
    </ClInclude>
    <ClInclude Include="..\..\source\app\game.h">
      <Filter>app</Filter>
    </ClInclude>
    <ClInclude Include="..\..\source\app\game_history.h">
      <Filter>app</Filter>
    </ClInclude>
    <ClInclude Include="..\..\source\app\globals.h">
      <Filter>app</Filter>
    </ClInclude>
    <ClInclude Include="..\..\source\app\modsystem.h">
      <Filter>app</Filter>
    </ClInclude>
    <ClInclude Include="..\..\source\app\statusicon.h">
      <Filter>app</Filter>
    </ClInclude>
    <ClInclude Include="..\..\source\app\synctestrecordings.h">
      <Filter>app</Filter>
    </ClInclude>
    <ClInclude Include="..\..\source\app\trayicon.h">
      <Filter>app</Filter>
    </ClInclude>
    <ClInclude Include="..\..\source\app\tutorial.h">
      <Filter>app</Filter>
    </ClInclude>
    <ClInclude Include="..\..\source\app\version_manager.h">
      <Filter>app</Filter>
    </ClInclude>
    <ClInclude Include="..\..\source\renderer\animated_icon.h">
      <Filter>renderer</Filter>
    </ClInclude>
    <ClInclude Include="..\..\source\renderer\lobby_renderer.h">
      <Filter>renderer</Filter>
    </ClInclude>
    <ClInclude Include="..\..\source\renderer\map_renderer.h">
      <Filter>renderer</Filter>
    </ClInclude>
    <ClInclude Include="..\..\source\network\ClientToServer.h">
      <Filter>network</Filter>
    </ClInclude>
    <ClInclude Include="..\..\source\network\network_defines.h">
      <Filter>network</Filter>
    </ClInclude>
    <ClInclude Include="..\..\source\network\network_defines_debug.h">
      <Filter>network</Filter>
    </ClInclude>
    <ClInclude Include="..\..\source\network\recordingparser.h">
      <Filter>network</Filter>
    </ClInclude>
    <ClInclude Include="..\..\source\network\Server.h">
      <Filter>network</Filter>
    </ClInclude>
    <ClInclude Include="..\..\source\network\ServerToClient.h">
      <Filter>network</Filter>
    </ClInclude>
    <ClInclude Include="..\..\source\world\airbase.h">
      <Filter>world</Filter>
    </ClInclude>
    <ClInclude Include="..\..\source\world\battleship.h">
      <Filter>world</Filter>
    </ClInclude>
    <ClInclude Include="..\..\source\world\blip.h">
      <Filter>world</Filter>
    </ClInclude>
    <ClInclude Include="..\..\source\world\bomber.h">
      <Filter>world</Filter>
    </ClInclude>
    <ClInclude Include="..\..\source\world\carrier.h">
      <Filter>world</Filter>
    </ClInclude>
    <ClInclude Include="..\..\source\world\city.h">
      <Filter>world</Filter>
    </ClInclude>
    <ClInclude Include="..\..\source\world\date.h">
      <Filter>world</Filter>
    </ClInclude>
    <ClInclude Include="..\..\source\world\depthcharge.h">
      <Filter>world</Filter>
    </ClInclude>
    <ClInclude Include="..\..\source\world\earthdata.h">
      <Filter>world</Filter>
    </ClInclude>
    <ClInclude Include="..\..\source\world\explosion.h">
      <Filter>world</Filter>
    </ClInclude>
    <ClInclude Include="..\..\source\world\fighter.h">
      <Filter>world</Filter>
    </ClInclude>
    <ClInclude Include="..\..\source\world\fleet.h">
      <Filter>world</Filter>
    </ClInclude>
    <ClInclude Include="..\..\source\world\gunfire.h">
      <Filter>world</Filter>
    </ClInclude>
    <ClInclude Include="..\..\source\world\movingobject.h">
      <Filter>world</Filter>
    </ClInclude>
    <ClInclude Include="..\..\source\world\node.h">
      <Filter>world</Filter>
    </ClInclude>
    <ClInclude Include="..\..\source\world\nuke.h">
      <Filter>world</Filter>
    </ClInclude>
    <ClInclude Include="..\..\source\world\radargrid.h">
      <Filter>world</Filter>
    </ClInclude>
    <ClInclude Include="..\..\source\world\radarstation.h">
      <Filter>world</Filter>
    </ClInclude>
    <ClInclude Include="..\..\source\world\saucer.h">
      <Filter>world</Filter>
    </ClInclude>
    <ClInclude Include="..\..\source\world\silo.h">
      <Filter>world</Filter>
    </ClInclude>
    <ClInclude Include="..\..\source\world\sub.h">
      <Filter>world</Filter>
    </ClInclude>
    <ClInclude Include="..\..\source\world\team.h">
      <Filter>world</Filter>
    </ClInclude>
    <ClInclude Include="..\..\source\world\tornado.h">
      <Filter>world</Filter>
    </ClInclude>
    <ClInclude Include="..\..\source\world\votingsystem.h">
      <Filter>world</Filter>
    </ClInclude>
    <ClInclude Include="..\..\source\world\whiteboard.h">
      <Filter>world</Filter>
    </ClInclude>
    <ClInclude Include="..\..\source\world\world.h">
      <Filter>world</Filter>
    </ClInclude>
    <ClInclude Include="..\..\source\world\worldobject.h">
      <Filter>world</Filter>
    </ClInclude>
    <ClInclude Include="..\..\source\interface\alliances_window.h">
      <Filter>interface</Filter>
    </ClInclude>
    <ClInclude Include="..\..\source\interface\authkey_window.h">
      <Filter>interface</Filter>
    </ClInclude>
    <ClInclude Include="..\..\source\interface\badkey_window.h">
      <Filter>interface</Filter>
    </ClInclude>
    <ClInclude Include="..\..\source\interface\casualties_window.h">
      <Filter>interface</Filter>
    </ClInclude>
    <ClInclude Include="..\..\source\interface\chat_window.h">
      <Filter>interface</Filter>
    </ClInclude>
    <ClInclude Include="..\..\source\interface\connecting_window.h">
      <Filter>interface</Filter>
    </ClInclude>
    <ClInclude Include="..\..\source\interface\debug_window.h">
      <Filter>interface</Filter>
    </ClInclude>
    <ClInclude Include="..\..\source\interface\demo_window.h">
      <Filter>interface</Filter>
    </ClInclude>
    <ClInclude Include="..\..\source\interface\fading_window.h">
      <Filter>interface</Filter>
    </ClInclude>
    <ClInclude Include="..\..\source\interface\fleet_placement_icon.h">
      <Filter>interface</Filter>
    </ClInclude>
    <ClInclude Include="..\..\source\interface\info_window.h">
      <Filter>interface</Filter>
    </ClInclude>
    <ClInclude Include="..\..\source\interface\interface.h">
      <Filter>interface</Filter>
    </ClInclude>
    <ClInclude Include="..\..\source\interface\lobby_window.h">
      <Filter>interface</Filter>
    </ClInclude>
    <ClInclude Include="..\..\source\interface\mainmenu.h">
      <Filter>interface</Filter>
    </ClInclude>
    <ClInclude Include="..\..\source\interface\mod_window.h">
      <Filter>interface</Filter>
    </ClInclude>
    <ClInclude Include="..\..\source\interface\network_window.h">
      <Filter>interface</Filter>
    </ClInclude>
    <ClInclude Include="..\..\source\interface\placement_icon.h">
      <Filter>interface</Filter>
    </ClInclude>
    <ClInclude Include="..\..\source\interface\profile_window.h">
      <Filter>interface</Filter>
    </ClInclude>
    <ClInclude Include="..\..\source\interface\resynchronise_window.h">
      <Filter>interface</Filter>
    </ClInclude>
    <ClInclude Include="..\..\source\interface\serverbrowser_window.h">
      <Filter>interface</Filter>
    </ClInclude>
    <ClInclude Include="..\..\source\interface\serverdetails_window.h">
      <Filter>interface</Filter>
    </ClInclude>
    <ClInclude Include="..\..\source\interface\side_panel.h">
      <Filter>interface</Filter>
    </ClInclude>
    <ClInclude Include="..\..\source\interface\styleeditor_window.h">
      <Filter>interface</Filter>
    </ClInclude>
    <ClInclude Include="..\..\source\interface\toolbar.h">
      <Filter>interface</Filter>
    </ClInclude>
    <ClInclude Include="..\..\source\interface\tutorial_window.h">
      <Filter>interface</Filter>
    </ClInclude>
    <ClInclude Include="..\..\source\interface\whiteboard_panel.h">
      <Filter>interface</Filter>
    </ClInclude>
    <ClInclude Include="..\..\source\interface\worldobject_window.h">
      <Filter>interface</Filter>
    </ClInclude>
    <ClInclude Include="..\..\source\interface\worldstatus_window.h">
      <Filter>interface</Filter>
    </ClInclude>
    <ClInclude Include="..\..\source\interface\screenoptions_window.h">
      <Filter>interface</Filter>
    </ClInclude>
    <ClInclude Include="..\..\source\interface\soundoptions_window.h">
      <Filter>interface</Filter>
    </ClInclude>
    <ClInclude Include="..\..\source\interface\soundeditor_window.h">
      <Filter>interface</Filter>
    </ClInclude>
    <ClInclude Include="..\..\source\interface\soundparameter_window.h">
      <Filter>interface</Filter>
    </ClInclude>
    <ClInclude Include="..\..\source\interface\soundstats_window.h">
      <Filter>interface</Filter>
    </ClInclude>
    <ClInclude Include="..\..\source\curves.h" />
    <ClInclude Include="..\..\source\random_object.h" />
    <ClInclude Include="..\..\source\renderer\world_renderer.h" />
    <ClInclude Include="..\..\source\lib\universal_include.h">
      <Filter>lib</Filter>
    </ClInclude>
    <ClInclude Include="..\..\source\renderer\world_renderer.h">
      <Filter>renderer</Filter>
    </ClInclude>
    <ClInclude Include="..\..\source\interface\recording_selection.h">
      <Filter>interface</Filter>
    </ClInclude>
  </ItemGroup>
  <ItemGroup>
    <Text Include="..\..\docs\ai specifications.txt">
      <Filter>docs</Filter>
    </Text>
    <Text Include="..\..\docs\changes.txt">
      <Filter>docs</Filter>
    </Text>
    <Text Include="..\..\docs\ChrisTodo.txt">
      <Filter>docs</Filter>
    </Text>
    <Text Include="..\..\docs\IcepickToDo.txt">
      <Filter>docs</Filter>
    </Text>
    <Text Include="..\..\docs\soundsystem.txt">
      <Filter>docs</Filter>
    </Text>
    <Text Include="..\..\docs\Special Unit Ideas.txt">
      <Filter>docs</Filter>
    </Text>
    <Text Include="..\..\data\effects.txt">
      <Filter>data</Filter>
    </Text>
    <Text Include="..\..\data\language\english.txt">
      <Filter>data</Filter>
    </Text>
    <Text Include="..\..\data\gameoptions.txt">
      <Filter>data</Filter>
    </Text>
    <Text Include="..\..\preferences.txt">
      <Filter>data</Filter>
    </Text>
    <Text Include="..\..\data\prefs_default.txt">
      <Filter>data</Filter>
    </Text>
    <Text Include="..\..\data\prefs_testbed.txt">
      <Filter>data</Filter>
    </Text>
    <Text Include="..\..\data\sounds.txt">
      <Filter>data</Filter>
    </Text>
    <Text Include="..\..\data\sounds_minimal.txt">
      <Filter>data</Filter>
    </Text>
    <Text Include="..\..\data\tutorial.txt">
      <Filter>data</Filter>
    </Text>
  </ItemGroup>
  <ItemGroup>
    <None Include="..\..\authkey">
      <Filter>data</Filter>
    </None>
  </ItemGroup>
  <ItemGroup>
    <Image Include="..\..\resources\appicon.ico">
      <Filter>resources</Filter>
    </Image>
    <Image Include="..\..\resources\nuke.ico">
      <Filter>resources</Filter>
    </Image>
    <Image Include="..\..\resources\sub.ico">
      <Filter>resources</Filter>
    </Image>
    <Image Include="..\..\resources\timer.ico">
      <Filter>resources</Filter>
    </Image>
    <Image Include="..\..\resources\trayicon.ico">
      <Filter>resources</Filter>
    </Image>
    <Image Include="..\..\resources\victory.ico">
      <Filter>resources</Filter>
    </Image>
  </ItemGroup>
  <ItemGroup>
    <ResourceCompile Include="..\..\resources\Script1.rc">
      <Filter>resources</Filter>
    </ResourceCompile>
  </ItemGroup>
</Project>