<?xml version="1.0" encoding="utf-8"?>
<Project ToolsVersion="4.0" xmlns="http://schemas.microsoft.com/developer/msbuild/2003">
  <ItemGroup>
    <ClCompile Include="..\..\contrib\systemIV\systemiv.cpp" />
    <ClCompile Include="..\..\contrib\systemIV\contrib\glad\desktop\src\glad.c">
      <Filter>contrib\glad</Filter>
    </ClCompile>
    <ClCompile Include="..\..\contrib\systemIV\contrib\highway-1.3.0\hwy\abort.cc">
      <Filter>contrib\highway</Filter>
    </ClCompile>
    <ClCompile Include="..\..\contrib\systemIV\contrib\highway-1.3.0\hwy\aligned_allocator.cc">
      <Filter>contrib\highway</Filter>
    </ClCompile>
    <ClCompile Include="..\..\contrib\systemIV\contrib\highway-1.3.0\hwy\nanobenchmark.cc">
      <Filter>contrib\highway</Filter>
    </ClCompile>
    <ClCompile Include="..\..\contrib\systemIV\contrib\highway-1.3.0\hwy\per_target.cc">
      <Filter>contrib\highway</Filter>
    </ClCompile>
    <ClCompile Include="..\..\contrib\systemIV\contrib\highway-1.3.0\hwy\print.cc">
      <Filter>contrib\highway</Filter>
    </ClCompile>
    <ClCompile Include="..\..\contrib\systemIV\contrib\highway-1.3.0\hwy\targets.cc">
      <Filter>contrib\highway</Filter>
    </ClCompile>
    <ClCompile Include="..\..\contrib\systemIV\contrib\highway-1.3.0\hwy\timer.cc">
      <Filter>contrib\highway</Filter>
    </ClCompile>
    <ClCompile Include="..\..\contrib\systemIV\contrib\tinygltf-2.9.7\tiny_gltf.cc">
      <Filter>contrib\tinygltf</Filter>
    </ClCompile>
    <ClCompile Include="..\..\contrib\SystemIV\lib\hi_res_time.cpp">
      <Filter>lib</Filter>
    </ClCompile>
    <ClCompile Include="..\..\contrib\SystemIV\lib\language_table.cpp">
      <Filter>lib</Filter>
    </ClCompile>
    <ClCompile Include="..\..\contrib\SystemIV\lib\preferences.cpp">
      <Filter>lib</Filter>
    </ClCompile>
    <ClCompile Include="..\..\contrib\SystemIV\lib\string_utils.cpp">
      <Filter>lib</Filter>
    </ClCompile>
    <ClCompile Include="..\..\contrib\SystemIV\lib\resource\bitmap.cpp">
      <Filter>lib\resource</Filter>
    </ClCompile>
    <ClCompile Include="..\..\contrib\SystemIV\lib\resource\bitmapfont.cpp">
      <Filter>lib\resource</Filter>
    </ClCompile>
    <ClCompile Include="..\..\contrib\SystemIV\lib\resource\image.cpp">
      <Filter>lib\resource</Filter>
    </ClCompile>
    <ClCompile Include="..\..\contrib\SystemIV\lib\resource\resource.cpp">
      <Filter>lib\resource</Filter>
    </ClCompile>
    <ClCompile Include="..\..\contrib\systemIV\lib\resource\sprite_atlas.cpp">
      <Filter>lib\resource</Filter>
    </ClCompile>
    <ClCompile Include="..\..\contrib\SystemIV\lib\render\colour.cpp">
      <Filter>lib\render</Filter>
    </ClCompile>
    <ClCompile Include="..\..\contrib\systemIV\lib\render\renderer.cpp">
      <Filter>lib\render</Filter>
    </ClCompile>
    <ClCompile Include="..\..\contrib\SystemIV\lib\render\styletable.cpp">
      <Filter>lib\render</Filter>
    </ClCompile>
    <ClCompile Include="..\..\contrib\SystemIV\lib\eclipse\eclbutton.cpp">
      <Filter>lib\eclipse</Filter>
    </ClCompile>
    <ClCompile Include="..\..\contrib\SystemIV\lib\eclipse\eclipse.cpp">
      <Filter>lib\eclipse</Filter>
    </ClCompile>
    <ClCompile Include="..\..\contrib\SystemIV\lib\eclipse\eclwindow.cpp">
      <Filter>lib\eclipse</Filter>
    </ClCompile>
    <ClCompile Include="..\..\contrib\systemIV\lib\eclipse\components\checkbox.cpp">
      <Filter>lib\eclipse\components</Filter>
    </ClCompile>
    <ClCompile Include="..\..\contrib\systemIV\lib\eclipse\components\core.cpp">
      <Filter>lib\eclipse\components</Filter>
    </ClCompile>
    <ClCompile Include="..\..\contrib\systemIV\lib\eclipse\components\drop_down_menu.cpp">
      <Filter>lib\eclipse\components</Filter>
    </ClCompile>
    <ClCompile Include="..\..\contrib\systemIV\lib\eclipse\components\filedialog.cpp">
      <Filter>lib\eclipse\components</Filter>
    </ClCompile>
    <ClCompile Include="..\..\contrib\systemIV\lib\eclipse\components\inputfield.cpp">
      <Filter>lib\eclipse\components</Filter>
    </ClCompile>
    <ClCompile Include="..\..\contrib\systemIV\lib\eclipse\components\message_dialog.cpp">
      <Filter>lib\eclipse\components</Filter>
    </ClCompile>
    <ClCompile Include="..\..\contrib\systemIV\lib\eclipse\components\scrollbar.cpp">
      <Filter>lib\eclipse\components</Filter>
    </ClCompile>
    <ClCompile Include="..\..\contrib\SystemIV\lib\filesys\binary_stream_readers.cpp">
      <Filter>lib\filesys</Filter>
    </ClCompile>
    <ClCompile Include="..\..\contrib\SystemIV\lib\filesys\filesys_utils.cpp">
      <Filter>lib\filesys</Filter>
    </ClCompile>
    <ClCompile Include="..\..\contrib\SystemIV\lib\filesys\file_system.cpp">
      <Filter>lib\filesys</Filter>
    </ClCompile>
    <ClCompile Include="..\..\contrib\SystemIV\lib\filesys\text_file_writer.cpp">
      <Filter>lib\filesys</Filter>
    </ClCompile>
    <ClCompile Include="..\..\contrib\SystemIV\lib\filesys\text_stream_readers.cpp">
      <Filter>lib\filesys</Filter>
    </ClCompile>
    <ClCompile Include="..\..\contrib\systemIV\lib\gucci\crashpad.cpp">
      <Filter>lib\gucci</Filter>
    </ClCompile>
    <ClCompile Include="..\..\contrib\SystemIV\lib\gucci\input.cpp">
      <Filter>lib\gucci</Filter>
    </ClCompile>
    <ClCompile Include="..\..\contrib\systemIV\lib\gucci\input_sdl.cpp">
      <Filter>lib\gucci</Filter>
    </ClCompile>
    <ClCompile Include="..\..\contrib\systemIV\lib\gucci\win32library.cpp">
      <Filter>lib\gucci</Filter>
    </ClCompile>
    <ClCompile Include="..\..\contrib\SystemIV\lib\gucci\window_manager.cpp">
      <Filter>lib\gucci</Filter>
    </ClCompile>
    <ClCompile Include="..\..\contrib\SystemIV\lib\math\fixed_64.cpp">
      <Filter>lib\math</Filter>
    </ClCompile>
    <ClCompile Include="..\..\contrib\SystemIV\lib\math\fixed_float.cpp">
      <Filter>lib\math</Filter>
    </ClCompile>
    <ClCompile Include="..\..\contrib\systemIV\lib\math\hash_data.cpp">
      <Filter>lib\math</Filter>
    </ClCompile>
    <ClCompile Include="..\..\contrib\SystemIV\lib\math\math_utils.cpp">
      <Filter>lib\math</Filter>
    </ClCompile>
    <ClCompile Include="..\..\contrib\systemIV\lib\math\matrix4f.cpp">
      <Filter>lib\math</Filter>
    </ClCompile>
    <ClCompile Include="..\..\contrib\SystemIV\lib\math\random_number.cpp">
      <Filter>lib\math</Filter>
    </ClCompile>
    <ClCompile Include="..\..\contrib\SystemIV\lib\math\vector3.cpp">
      <Filter>lib\math</Filter>
    </ClCompile>
    <ClCompile Include="..\..\contrib\systemIV\lib\netlib\condition_win32.cpp">
      <Filter>lib\netlib</Filter>
    </ClCompile>
    <ClCompile Include="..\..\contrib\systemIV\lib\netlib\condition_winxp.cpp">
      <Filter>lib\netlib</Filter>
    </ClCompile>
    <ClCompile Include="..\..\contrib\systemIV\lib\netlib\net_lib.cpp">
      <Filter>lib\netlib</Filter>
    </ClCompile>
    <ClCompile Include="..\..\contrib\systemIV\lib\netlib\net_mutex_win32.cpp">
      <Filter>lib\netlib</Filter>
    </ClCompile>
    <ClCompile Include="..\..\contrib\systemIV\lib\netlib\net_socket.cpp">
      <Filter>lib\netlib</Filter>
    </ClCompile>
    <ClCompile Include="..\..\contrib\systemIV\lib\netlib\net_socket_listener.cpp">
      <Filter>lib\netlib</Filter>
    </ClCompile>
    <ClCompile Include="..\..\contrib\systemIV\lib\netlib\net_socket_session.cpp">
      <Filter>lib\netlib</Filter>
    </ClCompile>
    <ClCompile Include="..\..\contrib\systemIV\lib\netlib\net_thread_win32.cpp">
      <Filter>lib\netlib</Filter>
    </ClCompile>
    <ClCompile Include="..\..\contrib\systemIV\lib\netlib\net_udp_packet.cpp">
      <Filter>lib\netlib</Filter>
    </ClCompile>
    <ClCompile Include="..\..\contrib\systemIV\lib\netlib\thread_controller.cpp">
      <Filter>lib\netlib</Filter>
    </ClCompile>
    <ClCompile Include="..\..\contrib\SystemIV\lib\tosser\directory.cpp">
      <Filter>lib\tosser</Filter>
    </ClCompile>
    <ClCompile Include="..\..\contrib\SystemIV\lib\metaserver\authentication.cpp">
      <Filter>lib\metaserver</Filter>
    </ClCompile>
    <ClCompile Include="..\..\contrib\SystemIV\lib\metaserver\matchmaker.cpp">
      <Filter>lib\metaserver</Filter>
    </ClCompile>
    <ClCompile Include="..\..\contrib\SystemIV\lib\metaserver\metaserver.cpp">
      <Filter>lib\metaserver</Filter>
    </ClCompile>
    <ClCompile Include="..\..\contrib\systemIV\lib\sound\resampler_polyphase.cpp">
      <Filter>lib\sound</Filter>
    </ClCompile>
    <ClCompile Include="..\..\contrib\systemIV\lib\sound\soundsystem.cpp">
      <Filter>lib\sound</Filter>
    </ClCompile>
    <ClCompile Include="..\..\contrib\systemIV\lib\sound\soundsystem_interface.cpp">
      <Filter>lib\sound</Filter>
    </ClCompile>
    <ClCompile Include="..\..\contrib\systemIV\lib\sound\sound_blueprint_manager.cpp">
      <Filter>lib\sound</Filter>
    </ClCompile>
    <ClCompile Include="..\..\contrib\systemIV\lib\sound\sound_debug_overlay.cpp">
      <Filter>lib\sound</Filter>
    </ClCompile>
    <ClCompile Include="..\..\contrib\systemIV\lib\sound\sound_filter.cpp">
      <Filter>lib\sound</Filter>
    </ClCompile>
    <ClCompile Include="..\..\contrib\systemIV\lib\sound\sound_instance.cpp">
      <Filter>lib\sound</Filter>
    </ClCompile>
    <ClCompile Include="..\..\contrib\systemIV\lib\sound\sound_library_2d.cpp">
      <Filter>lib\sound</Filter>
    </ClCompile>
    <ClCompile Include="..\..\contrib\systemIV\lib\sound\sound_library_2d_sdl.cpp">
      <Filter>lib\sound</Filter>
    </ClCompile>
    <ClCompile Include="..\..\contrib\systemIV\lib\sound\sound_library_3d.cpp">
      <Filter>lib\sound</Filter>
    </ClCompile>
    <ClCompile Include="..\..\contrib\systemIV\lib\sound\sound_library_3d_software.cpp">
      <Filter>lib\sound</Filter>
    </ClCompile>
    <ClCompile Include="..\..\contrib\systemIV\lib\sound\sound_parameter.cpp">
      <Filter>lib\sound</Filter>
    </ClCompile>
    <ClCompile Include="..\..\contrib\systemIV\lib\sound\sound_sample_bank.cpp">
      <Filter>lib\sound</Filter>
    </ClCompile>
    <ClCompile Include="..\..\contrib\systemIV\lib\sound\sound_sample_decoder.cpp">
      <Filter>lib\sound</Filter>
    </ClCompile>
    <ClCompile Include="..\..\contrib\systemIV\lib\render2d\operations_2d.cpp">
      <Filter>lib\render2d</Filter>
    </ClCompile>
    <ClCompile Include="..\..\contrib\systemIV\lib\render2d\primitives_2d.cpp">
      <Filter>lib\render2d</Filter>
    </ClCompile>
    <ClCompile Include="..\..\contrib\systemIV\lib\render2d\renderer_2d.cpp">
      <Filter>lib\render2d</Filter>
    </ClCompile>
    <ClCompile Include="..\..\contrib\systemIV\lib\render2d\sprites_2d.cpp">
      <Filter>lib\render2d</Filter>
    </ClCompile>
    <ClCompile Include="..\..\contrib\systemIV\lib\render2d\text_2d.cpp">
      <Filter>lib\render2d</Filter>
    </ClCompile>
    <ClCompile Include="..\..\contrib\systemIV\lib\render2d\megavbo\linestrips_2d.cpp">
      <Filter>lib\render2d\megavbo</Filter>
    </ClCompile>
    <ClCompile Include="..\..\contrib\systemIV\lib\render2d\megavbo\megavbo_2d.cpp">
      <Filter>lib\render2d\megavbo</Filter>
    </ClCompile>
    <ClCompile Include="..\..\contrib\systemIV\lib\render2d\megavbo\quads_2d.cpp">
      <Filter>lib\render2d\megavbo</Filter>
    </ClCompile>
    <ClCompile Include="..\..\contrib\systemIV\lib\render2d\megavbo\triangles_2d.cpp">
      <Filter>lib\render2d\megavbo</Filter>
    </ClCompile>
    <ClCompile Include="..\..\contrib\systemIV\lib\render3d\operations_3d.cpp">
      <Filter>lib\render3d</Filter>
    </ClCompile>
    <ClCompile Include="..\..\contrib\systemIV\lib\render3d\primitives_3d.cpp">
      <Filter>lib\render3d</Filter>
    </ClCompile>
    <ClCompile Include="..\..\contrib\systemIV\lib\render3d\renderer_3d.cpp">
      <Filter>lib\render3d</Filter>
    </ClCompile>
    <ClCompile Include="..\..\contrib\systemIV\lib\render3d\sprites_3d.cpp">
      <Filter>lib\render3d</Filter>
    </ClCompile>
    <ClCompile Include="..\..\contrib\systemIV\lib\render3d\text_3d.cpp">
      <Filter>lib\render3d</Filter>
    </ClCompile>
    <ClCompile Include="..\..\contrib\systemIV\lib\render3d\megavbo\instancing_3d.cpp">
      <Filter>lib\render3d\megavbo</Filter>
    </ClCompile>
    <ClCompile Include="..\..\contrib\systemIV\lib\render3d\megavbo\linestrips_3d.cpp">
      <Filter>lib\render3d\megavbo</Filter>
    </ClCompile>
    <ClCompile Include="..\..\contrib\systemIV\lib\render3d\megavbo\megavbo_3d.cpp">
      <Filter>lib\render3d\megavbo</Filter>
    </ClCompile>
    <ClCompile Include="..\..\contrib\systemIV\lib\render3d\megavbo\quads_3d.cpp">
      <Filter>lib\render3d\megavbo</Filter>
    </ClCompile>
    <ClCompile Include="..\..\contrib\systemIV\lib\render3d\megavbo\triangles_3d.cpp">
      <Filter>lib\render3d\megavbo</Filter>
    </ClCompile>
    <ClCompile Include="..\..\contrib\systemIV\lib\unicode\unicode_string.cpp">
      <Filter>lib\unicode</Filter>
    </ClCompile>
    <ClCompile Include="..\..\contrib\systemIV\lib\unicode\unicode_text_stream_reader.cpp">
      <Filter>lib\unicode</Filter>
    </ClCompile>
    <ClCompile Include="..\..\contrib\systemIV\lib\multiline_text.cpp">
      <Filter>lib</Filter>
    </ClCompile>
    <ClCompile Include="..\..\contrib\systemIV\lib\resource\tinygltf\model.cpp">
      <Filter>lib\resource\tinygltf</Filter>
    </ClCompile>
    <ClCompile Include="..\..\contrib\systemIV\lib\resource\tinygltf\model_builder.cpp">
      <Filter>lib\resource\tinygltf</Filter>
    </ClCompile>
    <ClCompile Include="..\..\contrib\systemIV\lib\resource\tinygltf\model_loader.cpp">
      <Filter>lib\resource\tinygltf</Filter>
    </ClCompile>
    <ClCompile Include="..\..\contrib\systemIV\lib\resource\tinygltf\model_material.cpp">
      <Filter>lib\resource\tinygltf</Filter>
    </ClCompile>
    <ClCompile Include="..\..\contrib\systemIV\lib\math\matrix33.cpp">
      <Filter>lib\math</Filter>
    </ClCompile>
    <ClCompile Include="..\..\contrib\systemIV\lib\math\matrix34.cpp">
      <Filter>lib\math</Filter>
    </ClCompile>
    <ClCompile Include="..\..\contrib\systemIV\lib\math\invert_matrix.cpp">
      <Filter>lib\math</Filter>
    </ClCompile>
    <ClCompile Include="..\..\contrib\systemIV\lib\render\renderer_d3d11.cpp">
      <Filter>lib\render</Filter>
    </ClCompile>
    <ClCompile Include="..\..\contrib\systemIV\lib\render\renderer_opengl.cpp">
      <Filter>lib\render</Filter>
    </ClCompile>
    <ClCompile Include="..\..\contrib\systemIV\lib\render2d\renderer_2d_opengl.cpp">
      <Filter>lib\render2d</Filter>
    </ClCompile>
    <ClCompile Include="..\..\contrib\systemIV\lib\render3d\renderer_3d_opengl.cpp">
      <Filter>lib\render3d</Filter>
    </ClCompile>
    <ClCompile Include="..\..\contrib\systemIV\lib\render2d\renderer_2d_d3d11.cpp">
      <Filter>lib\render2d</Filter>
    </ClCompile>
    <ClCompile Include="..\..\contrib\systemIV\lib\render3d\renderer_3d_d3d11.cpp">
      <Filter>lib\render3d</Filter>
    </ClCompile>
    <ClCompile Include="..\..\contrib\systemIV\lib\gucci\window_manager_opengl.cpp">
      <Filter>lib\gucci</Filter>
    </ClCompile>
    <ClCompile Include="..\..\contrib\systemIV\lib\gucci\window_manager_d3d11.cpp">
      <Filter>lib\gucci</Filter>
    </ClCompile>
    <ClCompile Include="..\..\contrib\systemIV\lib\debug\debug_utils.cpp">
      <Filter>lib\debug</Filter>
    </ClCompile>
    <ClCompile Include="..\..\contrib\systemIV\lib\debug\memory_leak.cpp">
      <Filter>lib\debug</Filter>
    </ClCompile>
    <ClCompile Include="..\..\contrib\systemIV\lib\debug\profiler.cpp">
      <Filter>lib\debug</Filter>
    </ClCompile>
    <ClCompile Include="..\..\contrib\systemIV\lib\imgui\debug_console.cpp">
      <Filter>lib\imgui</Filter>
    </ClCompile>
    <ClCompile Include="..\..\contrib\systemIV\lib\imgui\imgui.cpp">
      <Filter>lib\imgui</Filter>
    </ClCompile>
    <ClCompile Include="..\..\contrib\systemIV\lib\imgui\components\menu_bar.cpp">
      <Filter>lib\imgui\components</Filter>
    </ClCompile>
    <ClCompile Include="..\..\contrib\systemIV\lib\imgui\components\text_editor.cpp">
      <Filter>lib\imgui\components</Filter>
    </ClCompile>
    <ClCompile Include="..\..\contrib\systemIV\lib\imgui\preferences_editor.cpp">
      <Filter>lib\imgui</Filter>
    </ClCompile>
    <ClCompile Include="..\..\contrib\systemIV\lib\imgui\frame_debugger.cpp">
      <Filter>lib\imgui</Filter>
    </ClCompile>
    <ClCompile Include="..\..\contrib\systemIV\lib\render\antialiasing\anti_aliasing.cpp">
      <Filter>lib\render\antialiasing</Filter>
    </ClCompile>
    <ClCompile Include="..\..\contrib\systemIV\lib\render\antialiasing\msaa_d3d11.cpp">
      <Filter>lib\render\antialiasing</Filter>
    </ClCompile>
    <ClCompile Include="..\..\contrib\systemIV\lib\render\antialiasing\msaa_opengl.cpp">
      <Filter>lib\render\antialiasing</Filter>
    </ClCompile>
  </ItemGroup>
  <ItemGroup>
    <ClInclude Include="..\..\contrib\systemIV\systemiv.h" />
    <ClInclude Include="..\..\contrib\systemIV\contrib\tinygltf-2.9.7\json.hpp">
      <Filter>contrib\tinygltf</Filter>
    </ClInclude>
    <ClInclude Include="..\..\contrib\systemIV\contrib\tinygltf-2.9.7\stb_image.h">
      <Filter>contrib\tinygltf</Filter>
    </ClInclude>
    <ClInclude Include="..\..\contrib\systemIV\contrib\tinygltf-2.9.7\stb_image_write.h">
      <Filter>contrib\tinygltf</Filter>
    </ClInclude>
    <ClInclude Include="..\..\contrib\systemIV\contrib\tinygltf-2.9.7\tiny_gltf.h">
      <Filter>contrib\tinygltf</Filter>
    </ClInclude>
    <ClInclude Include="..\..\contrib\SystemIV\lib\hi_res_time.h">
      <Filter>lib</Filter>
    </ClInclude>
    <ClInclude Include="..\..\contrib\SystemIV\lib\language_table.h">
      <Filter>lib</Filter>
    </ClInclude>
    <ClInclude Include="..\..\contrib\SystemIV\lib\preferences.h">
      <Filter>lib</Filter>
    </ClInclude>
    <ClInclude Include="..\..\contrib\SystemIV\lib\string_utils.h">
      <Filter>lib</Filter>
    </ClInclude>
    <ClInclude Include="..\..\contrib\SystemIV\lib\resource\bitmap.h">
      <Filter>lib\resource</Filter>
    </ClInclude>
    <ClInclude Include="..\..\contrib\SystemIV\lib\resource\bitmapfont.h">
      <Filter>lib\resource</Filter>
    </ClInclude>
    <ClInclude Include="..\..\contrib\SystemIV\lib\resource\image.h">
      <Filter>lib\resource</Filter>
    </ClInclude>
    <ClInclude Include="..\..\contrib\SystemIV\lib\resource\resource.h">
      <Filter>lib\resource</Filter>
    </ClInclude>
    <ClInclude Include="..\..\contrib\SystemIV\lib\render\colour.h">
      <Filter>lib\render</Filter>
    </ClInclude>
    <ClInclude Include="..\..\contrib\systemIV\lib\render\renderer.h">
      <Filter>lib\render</Filter>
    </ClInclude>
    <ClInclude Include="..\..\contrib\SystemIV\lib\render\styletable.h">
      <Filter>lib\render</Filter>
    </ClInclude>
    <ClInclude Include="..\..\contrib\SystemIV\lib\eclipse\eclbutton.h">
      <Filter>lib\eclipse</Filter>
    </ClInclude>
    <ClInclude Include="..\..\contrib\SystemIV\lib\eclipse\eclipse.h">
      <Filter>lib\eclipse</Filter>
    </ClInclude>
    <ClInclude Include="..\..\contrib\SystemIV\lib\eclipse\eclwindow.h">
      <Filter>lib\eclipse</Filter>
    </ClInclude>
    <ClInclude Include="..\..\contrib\systemIV\lib\eclipse\components\checkbox.h">
      <Filter>lib\eclipse\components</Filter>
    </ClInclude>
    <ClInclude Include="..\..\contrib\systemIV\lib\eclipse\components\core.h">
      <Filter>lib\eclipse\components</Filter>
    </ClInclude>
    <ClInclude Include="..\..\contrib\systemIV\lib\eclipse\components\drop_down_menu.h">
      <Filter>lib\eclipse\components</Filter>
    </ClInclude>
    <ClInclude Include="..\..\contrib\systemIV\lib\eclipse\components\filedialog.h">
      <Filter>lib\eclipse\components</Filter>
    </ClInclude>
    <ClInclude Include="..\..\contrib\systemIV\lib\eclipse\components\inputfield.h">
      <Filter>lib\eclipse\components</Filter>
    </ClInclude>
    <ClInclude Include="..\..\contrib\systemIV\lib\eclipse\components\message_dialog.h">
      <Filter>lib\eclipse\components</Filter>
    </ClInclude>
    <ClInclude Include="..\..\contrib\systemIV\lib\eclipse\components\scrollbar.h">
      <Filter>lib\eclipse\components</Filter>
    </ClInclude>
    <ClInclude Include="..\..\contrib\SystemIV\lib\filesys\binary_stream_readers.h">
      <Filter>lib\filesys</Filter>
    </ClInclude>
    <ClInclude Include="..\..\contrib\SystemIV\lib\filesys\filesys_utils.h">
      <Filter>lib\filesys</Filter>
    </ClInclude>
    <ClInclude Include="..\..\contrib\SystemIV\lib\filesys\file_system.h">
      <Filter>lib\filesys</Filter>
    </ClInclude>
    <ClInclude Include="..\..\contrib\SystemIV\lib\filesys\text_file_writer.h">
      <Filter>lib\filesys</Filter>
    </ClInclude>
    <ClInclude Include="..\..\contrib\SystemIV\lib\filesys\text_stream_readers.h">
      <Filter>lib\filesys</Filter>
    </ClInclude>
    <ClInclude Include="..\..\contrib\systemIV\lib\gucci\crashpad.h">
      <Filter>lib\gucci</Filter>
    </ClInclude>
    <ClInclude Include="..\..\contrib\SystemIV\lib\gucci\input.h">
      <Filter>lib\gucci</Filter>
    </ClInclude>
    <ClInclude Include="..\..\contrib\systemIV\lib\gucci\input_sdl.h">
      <Filter>lib\gucci</Filter>
    </ClInclude>
    <ClInclude Include="..\..\contrib\systemIV\lib\gucci\win32library.h">
      <Filter>lib\gucci</Filter>
    </ClInclude>
    <ClInclude Include="..\..\contrib\SystemIV\lib\gucci\window_manager.h">
      <Filter>lib\gucci</Filter>
    </ClInclude>
    <ClInclude Include="..\..\contrib\SystemIV\lib\math\fixed.h">
      <Filter>lib\math</Filter>
    </ClInclude>
    <ClInclude Include="..\..\contrib\SystemIV\lib\math\fixed_64.h">
      <Filter>lib\math</Filter>
    </ClInclude>
    <ClInclude Include="..\..\contrib\SystemIV\lib\math\fixed_float.h">
      <Filter>lib\math</Filter>
    </ClInclude>
    <ClInclude Include="..\..\contrib\systemIV\lib\math\hash_data.h">
      <Filter>lib\math</Filter>
    </ClInclude>
    <ClInclude Include="..\..\contrib\SystemIV\lib\math\math_utils.h">
      <Filter>lib\math</Filter>
    </ClInclude>
    <ClInclude Include="..\..\contrib\systemIV\lib\math\matrix4f.h">
      <Filter>lib\math</Filter>
    </ClInclude>
    <ClInclude Include="..\..\contrib\SystemIV\lib\math\random_number.h">
      <Filter>lib\math</Filter>
    </ClInclude>
    <ClInclude Include="..\..\contrib\SystemIV\lib\math\vector3.h">
      <Filter>lib\math</Filter>
    </ClInclude>
    <ClInclude Include="..\..\contrib\systemIV\lib\netlib\bytestream.h">
      <Filter>lib\netlib</Filter>
    </ClInclude>
    <ClInclude Include="..\..\contrib\systemIV\lib\netlib\condition.h">
      <Filter>lib\netlib</Filter>
    </ClInclude>
    <ClInclude Include="..\..\contrib\systemIV\lib\netlib\condition_winxp.h">
      <Filter>lib\netlib</Filter>
    </ClInclude>
    <ClInclude Include="..\..\contrib\systemIV\lib\netlib\net_lib.h">
      <Filter>lib\netlib</Filter>
    </ClInclude>
    <ClInclude Include="..\..\contrib\systemIV\lib\netlib\net_lib_win32.h">
      <Filter>lib\netlib</Filter>
    </ClInclude>
    <ClInclude Include="..\..\contrib\systemIV\lib\netlib\net_mutex.h">
      <Filter>lib\netlib</Filter>
    </ClInclude>
    <ClInclude Include="..\..\contrib\systemIV\lib\netlib\net_socket.h">
      <Filter>lib\netlib</Filter>
    </ClInclude>
    <ClInclude Include="..\..\contrib\systemIV\lib\netlib\net_socket_listener.h">
      <Filter>lib\netlib</Filter>
    </ClInclude>
    <ClInclude Include="..\..\contrib\systemIV\lib\netlib\net_socket_session.h">
      <Filter>lib\netlib</Filter>
    </ClInclude>
    <ClInclude Include="..\..\contrib\systemIV\lib\netlib\net_thread.h">
      <Filter>lib\netlib</Filter>
    </ClInclude>
    <ClInclude Include="..\..\contrib\systemIV\lib\netlib\net_udp_packet.h">
      <Filter>lib\netlib</Filter>
    </ClInclude>
    <ClInclude Include="..\..\contrib\systemIV\lib\netlib\thread_controller.h">
      <Filter>lib\netlib</Filter>
    </ClInclude>
    <ClInclude Include="..\..\contrib\SystemIV\lib\tosser\bounded_array.h">
      <Filter>lib\tosser</Filter>
    </ClInclude>
    <ClInclude Include="..\..\contrib\SystemIV\lib\tosser\btree.h">
      <Filter>lib\tosser</Filter>
    </ClInclude>
    <ClInclude Include="..\..\contrib\SystemIV\lib\tosser\darray.h">
      <Filter>lib\tosser</Filter>
    </ClInclude>
    <ClInclude Include="..\..\contrib\SystemIV\lib\tosser\directory.h">
      <Filter>lib\tosser</Filter>
    </ClInclude>
    <ClInclude Include="..\..\contrib\SystemIV\lib\tosser\fast_darray.h">
      <Filter>lib\tosser</Filter>
    </ClInclude>
    <ClInclude Include="..\..\contrib\SystemIV\lib\tosser\hash_table.h">
      <Filter>lib\tosser</Filter>
    </ClInclude>
    <ClInclude Include="..\..\contrib\SystemIV\lib\tosser\llist.h">
      <Filter>lib\tosser</Filter>
    </ClInclude>
    <ClInclude Include="..\..\contrib\SystemIV\lib\tosser\sorting_hash_table.h">
      <Filter>lib\tosser</Filter>
    </ClInclude>
    <ClInclude Include="..\..\contrib\SystemIV\lib\metaserver\authentication.h">
      <Filter>lib\metaserver</Filter>
    </ClInclude>
    <ClInclude Include="..\..\contrib\SystemIV\lib\metaserver\matchmaker.h">
      <Filter>lib\metaserver</Filter>
    </ClInclude>
    <ClInclude Include="..\..\contrib\SystemIV\lib\metaserver\metaserver.h">
      <Filter>lib\metaserver</Filter>
    </ClInclude>
    <ClInclude Include="..\..\contrib\SystemIV\lib\metaserver\metaserver_defines.h">
      <Filter>lib\metaserver</Filter>
    </ClInclude>
    <ClInclude Include="..\..\contrib\systemIV\lib\sound\resampler_polyphase.h">
      <Filter>lib\sound</Filter>
    </ClInclude>
    <ClInclude Include="..\..\contrib\systemIV\lib\sound\soundsystem.h">
      <Filter>lib\sound</Filter>
    </ClInclude>
    <ClInclude Include="..\..\contrib\systemIV\lib\sound\soundsystem_interface.h">
      <Filter>lib\sound</Filter>
    </ClInclude>
    <ClInclude Include="..\..\contrib\systemIV\lib\sound\sound_blueprint_manager.h">
      <Filter>lib\sound</Filter>
    </ClInclude>
    <ClInclude Include="..\..\contrib\systemIV\lib\sound\sound_debug_overlay.h">
      <Filter>lib\sound</Filter>
    </ClInclude>
    <ClInclude Include="..\..\contrib\systemIV\lib\sound\sound_filter.h">
      <Filter>lib\sound</Filter>
    </ClInclude>
    <ClInclude Include="..\..\contrib\systemIV\lib\sound\sound_instance.h">
      <Filter>lib\sound</Filter>
    </ClInclude>
    <ClInclude Include="..\..\contrib\systemIV\lib\sound\sound_library_2d.h">
      <Filter>lib\sound</Filter>
    </ClInclude>
    <ClInclude Include="..\..\contrib\systemIV\lib\sound\sound_library_2d_mode.h">
      <Filter>lib\sound</Filter>
    </ClInclude>
    <ClInclude Include="..\..\contrib\systemIV\lib\sound\sound_library_2d_sdl.h">
      <Filter>lib\sound</Filter>
    </ClInclude>
    <ClInclude Include="..\..\contrib\systemIV\lib\sound\sound_library_3d.h">
      <Filter>lib\sound</Filter>
    </ClInclude>
    <ClInclude Include="..\..\contrib\systemIV\lib\sound\sound_library_3d_software.h">
      <Filter>lib\sound</Filter>
    </ClInclude>
    <ClInclude Include="..\..\contrib\systemIV\lib\sound\sound_parameter.h">
      <Filter>lib\sound</Filter>
    </ClInclude>
    <ClInclude Include="..\..\contrib\systemIV\lib\sound\sound_sample_bank.h">
      <Filter>lib\sound</Filter>
    </ClInclude>
    <ClInclude Include="..\..\contrib\systemIV\lib\sound\sound_sample_decoder.h">
      <Filter>lib\sound</Filter>
    </ClInclude>
    <ClInclude Include="..\..\contrib\systemIV\lib\render2d\renderer_2d.h">
      <Filter>lib\render2d</Filter>
    </ClInclude>
    <ClInclude Include="..\..\contrib\systemIV\lib\render2d\shaders\color_fragment.glsl.h">
      <Filter>lib\render2d\shaders</Filter>
    </ClInclude>
    <ClInclude Include="..\..\contrib\systemIV\lib\render2d\shaders\texture_fragment.glsl.h">
      <Filter>lib\render2d\shaders</Filter>
    </ClInclude>
    <ClInclude Include="..\..\contrib\systemIV\lib\render2d\shaders\vertex.glsl.h">
      <Filter>lib\render2d\shaders</Filter>
    </ClInclude>
    <ClInclude Include="..\..\contrib\systemIV\lib\render3d\renderer_3d.h">
      <Filter>lib\render3d</Filter>
    </ClInclude>
    <ClInclude Include="..\..\contrib\systemIV\lib\render3d\shaders\fragment.glsl.h">
      <Filter>lib\render3d\shaders</Filter>
    </ClInclude>
    <ClInclude Include="..\..\contrib\systemIV\lib\render3d\shaders\textured_fragment.glsl.h">
      <Filter>lib\render3d\shaders</Filter>
    </ClInclude>
    <ClInclude Include="..\..\contrib\systemIV\lib\render3d\shaders\textured_vertex.glsl.h">
      <Filter>lib\render3d\shaders</Filter>
    </ClInclude>
    <ClInclude Include="..\..\contrib\systemIV\lib\render3d\shaders\vertex.glsl.h">
      <Filter>lib\render3d\shaders</Filter>
    </ClInclude>
    <ClInclude Include="..\..\contrib\systemIV\lib\unicode\unicode_string.h">
      <Filter>lib\unicode</Filter>
    </ClInclude>
    <ClInclude Include="..\..\contrib\systemIV\lib\unicode\unicode_text_stream_reader.h">
      <Filter>lib\unicode</Filter>
    </ClInclude>
    <ClInclude Include="..\..\contrib\systemIV\lib\multiline_text.h">
      <Filter>lib</Filter>
    </ClInclude>
    <ClInclude Include="..\..\contrib\systemIV\lib\resource\tinygltf\model.h">
      <Filter>lib\resource\tinygltf</Filter>
    </ClInclude>
    <ClInclude Include="..\..\contrib\systemIV\lib\resource\tinygltf\model_builder.h">
      <Filter>lib\resource\tinygltf</Filter>
    </ClInclude>
    <ClInclude Include="..\..\contrib\systemIV\lib\resource\tinygltf\model_loader.h">
      <Filter>lib\resource\tinygltf</Filter>
    </ClInclude>
    <ClInclude Include="..\..\contrib\systemIV\lib\resource\tinygltf\model_material.h">
      <Filter>lib\resource\tinygltf</Filter>
    </ClInclude>
    <ClInclude Include="..\..\contrib\systemIV\lib\math\matrix33.h">
      <Filter>lib\math</Filter>
    </ClInclude>
    <ClInclude Include="..\..\contrib\systemIV\lib\math\matrix34.h">
      <Filter>lib\math</Filter>
    </ClInclude>
    <ClInclude Include="..\..\contrib\systemIV\lib\math\invert_matrix.h">
      <Filter>lib\math</Filter>
    </ClInclude>
    <ClInclude Include="..\..\contrib\systemIV\lib\render\renderer_d3d11.h">
      <Filter>lib\render</Filter>
    </ClInclude>
    <ClInclude Include="..\..\contrib\systemIV\lib\render\renderer_opengl.h">
      <Filter>lib\render</Filter>
    </ClInclude>
    <ClInclude Include="..\..\contrib\systemIV\lib\render2d\renderer_2d_opengl.h">
      <Filter>lib\render2d</Filter>
    </ClInclude>
    <ClInclude Include="..\..\contrib\systemIV\lib\render3d\renderer_3d_opengl.h">
      <Filter>lib\render3d</Filter>
    </ClInclude>
    <ClInclude Include="..\..\contrib\systemIV\lib\render2d\shaders\color_fragment.hlsl.h">
      <Filter>lib\render2d\shaders</Filter>
    </ClInclude>
    <ClInclude Include="..\..\contrib\systemIV\lib\render2d\shaders\texture_fragment.hlsl.h">
      <Filter>lib\render2d\shaders</Filter>
    </ClInclude>
    <ClInclude Include="..\..\contrib\systemIV\lib\render2d\shaders\vertex.hlsl.h">
      <Filter>lib\render2d\shaders</Filter>
    </ClInclude>
    <ClInclude Include="..\..\contrib\systemIV\lib\render3d\shaders\fragment.hlsl.h">
      <Filter>lib\render3d\shaders</Filter>
    </ClInclude>
    <ClInclude Include="..\..\contrib\systemIV\lib\render3d\shaders\model_vertex.glsl.h">
      <Filter>lib\render3d\shaders</Filter>
    </ClInclude>
    <ClInclude Include="..\..\contrib\systemIV\lib\render3d\shaders\model_vertex.hlsl.h">
      <Filter>lib\render3d\shaders</Filter>
    </ClInclude>
    <ClInclude Include="..\..\contrib\systemIV\lib\render3d\shaders\textured_fragment.hlsl.h">
      <Filter>lib\render3d\shaders</Filter>
    </ClInclude>
    <ClInclude Include="..\..\contrib\systemIV\lib\render3d\shaders\textured_vertex.hlsl.h">
      <Filter>lib\render3d\shaders</Filter>
    </ClInclude>
    <ClInclude Include="..\..\contrib\systemIV\lib\render3d\shaders\vertex.hlsl.h">
      <Filter>lib\render3d\shaders</Filter>
    </ClInclude>
    <ClInclude Include="..\..\contrib\systemIV\lib\render2d\renderer_2d_d3d11.h">
      <Filter>lib\render2d</Filter>
    </ClInclude>
    <ClInclude Include="..\..\contrib\systemIV\lib\render3d\renderer_3d_d3d11.h">
      <Filter>lib\render3d</Filter>
    </ClInclude>
    <ClInclude Include="..\..\contrib\systemIV\lib\gucci\window_manager_opengl.h">
      <Filter>lib\gucci</Filter>
    </ClInclude>
    <ClInclude Include="..\..\contrib\systemIV\lib\gucci\window_manager_d3d11.h">
      <Filter>lib\gucci</Filter>
    </ClInclude>
    <ClInclude Include="..\..\contrib\systemIV\lib\debug\debug_utils.h">
      <Filter>lib\debug</Filter>
    </ClInclude>
    <ClInclude Include="..\..\contrib\systemIV\lib\debug\memory_leak.h">
      <Filter>lib\debug</Filter>
    </ClInclude>
    <ClInclude Include="..\..\contrib\systemIV\lib\debug\profiler.h">
      <Filter>lib\debug</Filter>
    </ClInclude>
    <ClInclude Include="..\..\contrib\systemIV\lib\imgui\debug_console.h">
      <Filter>lib\imgui</Filter>
    </ClInclude>
    <ClInclude Include="..\..\contrib\systemIV\lib\imgui\imgui.h">
      <Filter>lib\imgui</Filter>
    </ClInclude>
    <ClInclude Include="..\..\contrib\systemIV\lib\imgui\components\menu_bar.h">
      <Filter>lib\imgui\components</Filter>
    </ClInclude>
    <ClInclude Include="..\..\contrib\systemIV\lib\imgui\components\text_editor.h">
      <Filter>lib\imgui\components</Filter>
    </ClInclude>
    <ClInclude Include="..\..\contrib\systemIV\lib\imgui\preferences_editor.h">
      <Filter>lib\imgui</Filter>
    </ClInclude>
    <ClInclude Include="..\..\contrib\systemIV\lib\imgui\frame_debugger.h">
      <Filter>lib\imgui</Filter>
    </ClInclude>
    <ClInclude Include="..\..\contrib\systemIV\lib\render\antialiasing\anti_aliasing.h">
      <Filter>lib\render\antialiasing</Filter>
    </ClInclude>
    <ClInclude Include="..\..\contrib\systemIV\lib\render\antialiasing\msaa_d3d11.h">
      <Filter>lib\render\antialiasing</Filter>
    </ClInclude>
    <ClInclude Include="..\..\contrib\systemIV\lib\render\antialiasing\msaa_opengl.h">
      <Filter>lib\render\antialiasing</Filter>
    </ClInclude>
  </ItemGroup>
  <ItemGroup>
    <Filter Include="contrib">
      <UniqueIdentifier>{397e79d5-9e68-4ec5-97eb-96df216f6004}</UniqueIdentifier>
    </Filter>
    <Filter Include="contrib\glad">
      <UniqueIdentifier>{3e1e193c-e518-44ab-b8ee-5c8ac1b83208}</UniqueIdentifier>
    </Filter>
    <Filter Include="contrib\highway">
      <UniqueIdentifier>{0487f91a-108b-48a2-bb07-04b97f4fdf30}</UniqueIdentifier>
    </Filter>
    <Filter Include="contrib\tinygltf">
      <UniqueIdentifier>{74be8ae1-170d-4378-9111-3b0032f01395}</UniqueIdentifier>
    </Filter>
    <Filter Include="lib">
      <UniqueIdentifier>{3ba88bfe-20db-44a5-822f-d6b16dc28555}</UniqueIdentifier>
    </Filter>
    <Filter Include="lib\resource">
      <UniqueIdentifier>{94085aad-ac00-4994-b118-df046f171e3a}</UniqueIdentifier>
    </Filter>
    <Filter Include="lib\render">
      <UniqueIdentifier>{119547ab-ad63-48b8-adc4-ba2d7becf57d}</UniqueIdentifier>
    </Filter>
    <Filter Include="lib\eclipse">
      <UniqueIdentifier>{e803e248-4d2e-494a-a224-d944ffcd84d4}</UniqueIdentifier>
    </Filter>
    <Filter Include="lib\eclipse\components">
      <UniqueIdentifier>{92d96dad-b6be-49b6-9491-696122625a4f}</UniqueIdentifier>
    </Filter>
    <Filter Include="lib\filesys">
      <UniqueIdentifier>{b02a2810-bc28-4c0c-8c35-2e21bab405eb}</UniqueIdentifier>
    </Filter>
    <Filter Include="lib\gucci">
      <UniqueIdentifier>{3c2697a8-08b7-4732-a66c-c259269535f6}</UniqueIdentifier>
    </Filter>
    <Filter Include="lib\math">
      <UniqueIdentifier>{b913e10a-c2c6-491b-9122-784489819d33}</UniqueIdentifier>
    </Filter>
    <Filter Include="lib\netlib">
      <UniqueIdentifier>{3ce39352-50f6-4509-b03d-0ceae5c86427}</UniqueIdentifier>
    </Filter>
    <Filter Include="lib\tosser">
      <UniqueIdentifier>{9f6d0295-456e-4f1d-a0a0-c2d43bbd16e2}</UniqueIdentifier>
    </Filter>
    <Filter Include="lib\metaserver">
      <UniqueIdentifier>{285a7d62-ed19-455e-a595-c8abf81f79a6}</UniqueIdentifier>
    </Filter>
    <Filter Include="lib\sound">
      <UniqueIdentifier>{421a504e-c47c-4d3a-9da5-81109e14fa9f}</UniqueIdentifier>
    </Filter>
    <Filter Include="lib\render2d">
      <UniqueIdentifier>{4304318f-0b3b-4a53-95cf-04b4b708c8a8}</UniqueIdentifier>
    </Filter>
    <Filter Include="lib\render2d\megavbo">
      <UniqueIdentifier>{c0158bf5-ac3d-41cd-aeb4-7525379be654}</UniqueIdentifier>
    </Filter>
    <Filter Include="lib\render2d\shaders">
      <UniqueIdentifier>{b187c9f8-a449-4716-bc14-9957b70d8313}</UniqueIdentifier>
    </Filter>
    <Filter Include="lib\render3d">
      <UniqueIdentifier>{f0c9e2bb-7eea-4d00-8e50-72f787e21293}</UniqueIdentifier>
    </Filter>
    <Filter Include="lib\render3d\megavbo">
      <UniqueIdentifier>{45cbfd97-716f-47db-8def-f6e9adcc1f22}</UniqueIdentifier>
    </Filter>
    <Filter Include="lib\render3d\shaders">
      <UniqueIdentifier>{b6b43b93-f1a6-4171-9393-96af40670e4f}</UniqueIdentifier>
    </Filter>
    <Filter Include="lib\unicode">
      <UniqueIdentifier>{5469ecda-7332-4fe5-a925-35fdbc1a960e}</UniqueIdentifier>
    </Filter>
    <Filter Include="lib\resource\tinygltf">
      <UniqueIdentifier>{b9e5912b-5be3-492e-852b-d09f076b7da7}</UniqueIdentifier>
    </Filter>
    <Filter Include="lib\debug">
      <UniqueIdentifier>{d9cc2a3b-066f-4da4-b875-b65972466ee3}</UniqueIdentifier>
    </Filter>
    <Filter Include="lib\imgui">
      <UniqueIdentifier>{244386a2-5e1b-4b64-9028-ff8ee00a469c}</UniqueIdentifier>
    </Filter>
    <Filter Include="lib\imgui\components">
      <UniqueIdentifier>{e2feb324-fe3d-48d5-9f55-0d6e7ce8a2bb}</UniqueIdentifier>
    </Filter>
    <Filter Include="lib\render\antialiasing">
      <UniqueIdentifier>{ce95b5f2-bd1a-4377-ae08-6566e1e56978}</UniqueIdentifier>
    </Filter>
  </ItemGroup>
  <ItemGroup>
    <Library Include="..\..\contrib\systemIV\contrib\oggvorbis\lib\vs2022\ogg.lib">
      <Filter>contrib</Filter>
    </Library>
    <Library Include="..\..\contrib\systemIV\contrib\oggvorbis\lib\vs2022\vorbis.lib">
      <Filter>contrib</Filter>
    </Library>
    <Library Include="..\..\contrib\systemIV\contrib\oggvorbis\lib\vs2022\vorbisfile.lib">
      <Filter>contrib</Filter>
    </Library>
  </ItemGroup>
</Project>